
Microsoft Visual Studio Solution File, Format Version 12.00
# Visual Studio Version 17
Project("{2150E333-8FDC-42A3-9474-1A3956D46DE8}") = "src", "src", "{AAAA0000-0000-0000-0000-000000000001}"
EndProject
Project("{2150E333-8FDC-42A3-9474-1A3956D46DE8}") = "tests", "tests", "{AAAA0000-0000-0000-0000-000000000002}"
EndProject
Project("{2150E333-8FDC-42A3-9474-1A3956D46DE8}") = "docs", "docs", "{AAAA0000-0000-0000-0000-000000000003}"
EndProject
Project("{FAE04EC0-301F-11D3-BF4B-00C04F79EFBC}") = "MFilesExporter.Domain", "src\MFilesExporter.Domain\MFilesExporter.Domain.csproj", "{11110000-0000-0000-0000-000000000001}"
EndProject
Project("{FAE04EC0-301F-11D3-BF4B-00C04F79EFBC}") = "MFilesExporter.Shared", "src\MFilesExporter.Shared\MFilesExporter.Shared.csproj", "{11110000-0000-0000-0000-000000000002}"
EndProject
Project("{FAE04EC0-301F-11D3-BF4B-00C04F79EFBC}") = "MFilesExporter.Configuration", "src\MFilesExporter.Configuration\MFilesExporter.Configuration.csproj", "{11110000-0000-0000-0000-000000000003}"
EndProject
Project("{FAE04EC0-301F-11D3-BF4B-00C04F79EFBC}") = "MFilesExporter.Logging", "src\MFilesExporter.Logging\MFilesExporter.Logging.csproj", "{11110000-0000-0000-0000-000000000004}"
EndProject
Project("{FAE04EC0-301F-11D3-BF4B-00C04F79EFBC}") = "MFilesExporter.Application", "src\MFilesExporter.Application\MFilesExporter.Application.csproj", "{11110000-0000-0000-0000-000000000005}"
EndProject
Project("{FAE04EC0-301F-11D3-BF4B-00C04F79EFBC}") = "MFilesExporter.Persistence", "src\MFilesExporter.Persistence\MFilesExporter.Persistence.csproj", "{11110000-0000-0000-0000-000000000006}"
EndProject
Project("{FAE04EC0-301F-11D3-BF4B-00C04F79EFBC}") = "MFilesExporter.Export", "src\MFilesExporter.Export\MFilesExporter.Export.csproj", "{11110000-0000-0000-0000-000000000007}"
EndProject
Project("{FAE04EC0-301F-11D3-BF4B-00C04F79EFBC}") = "MFilesExporter.Reporting", "src\MFilesExporter.Reporting\MFilesExporter.Reporting.csproj", "{11110000-0000-0000-0000-000000000008}"
EndProject
Project("{FAE04EC0-301F-11D3-BF4B-00C04F79EFBC}") = "MFilesExporter.Infrastructure", "src\MFilesExporter.Infrastructure\MFilesExporter.Infrastructure.csproj", "{11110000-0000-0000-0000-000000000009}"
EndProject
Project("{FAE04EC0-301F-11D3-BF4B-00C04F79EFBC}") = "MFilesExporter.Console", "src\MFilesExporter.Console\MFilesExporter.Console.csproj", "{11110000-0000-0000-0000-00000000000A}"
EndProject
Project("{FAE04EC0-301F-11D3-BF4B-00C04F79EFBC}") = "MFilesExporter.Tests", "tests\MFilesExporter.Tests\MFilesExporter.Tests.csproj", "{22220000-0000-0000-0000-000000000001}"
EndProject
Project("{FAE04EC0-301F-11D3-BF4B-00C04F79EFBC}") = "MFilesExporter.IntegrationTests", "tests\MFilesExporter.IntegrationTests\MFilesExporter.IntegrationTests.csproj", "{D0915B55-A205-49A6-8AB8-F455BC18F620}"
EndProject
Global
	GlobalSection(SolutionConfigurationPlatforms) = preSolution
		Debug|Any CPU = Debug|Any CPU
		Debug|x64 = Debug|x64
		Debug|x86 = Debug|x86
		Release|Any CPU = Release|Any CPU
		Release|x64 = Release|x64
		Release|x86 = Release|x86
	EndGlobalSection
	GlobalSection(ProjectConfigurationPlatforms) = postSolution
		{11110000-0000-0000-0000-000000000001}.Debug|Any CPU.ActiveCfg = Debug|Any CPU
		{11110000-0000-0000-0000-000000000001}.Debug|Any CPU.Build.0 = Debug|Any CPU
		{11110000-0000-0000-0000-000000000001}.Debug|x64.ActiveCfg = Debug|Any CPU
		{11110000-0000-0000-0000-000000000001}.Debug|x64.Build.0 = Debug|Any CPU
		{11110000-0000-0000-0000-000000000001}.Debug|x86.ActiveCfg = Debug|Any CPU
		{11110000-0000-0000-0000-000000000001}.Debug|x86.Build.0 = Debug|Any CPU
		{11110000-0000-0000-0000-000000000001}.Release|Any CPU.ActiveCfg = Release|Any CPU
		{11110000-0000-0000-0000-000000000001}.Release|Any CPU.Build.0 = Release|Any CPU
		{11110000-0000-0000-0000-000000000001}.Release|x64.ActiveCfg = Release|Any CPU
		{11110000-0000-0000-0000-000000000001}.Release|x64.Build.0 = Release|Any CPU
		{11110000-0000-0000-0000-000000000001}.Release|x86.ActiveCfg = Release|Any CPU
		{11110000-0000-0000-0000-000000000001}.Release|x86.Build.0 = Release|Any CPU
		{11110000-0000-0000-0000-000000000002}.Debug|Any CPU.ActiveCfg = Debug|Any CPU
		{11110000-0000-0000-0000-000000000002}.Debug|Any CPU.Build.0 = Debug|Any CPU
		{11110000-0000-0000-0000-000000000002}.Debug|x64.ActiveCfg = Debug|Any CPU
		{11110000-0000-0000-0000-000000000002}.Debug|x64.Build.0 = Debug|Any CPU
		{11110000-0000-0000-0000-000000000002}.Debug|x86.ActiveCfg = Debug|Any CPU
		{11110000-0000-0000-0000-000000000002}.Debug|x86.Build.0 = Debug|Any CPU
		{11110000-0000-0000-0000-000000000002}.Release|Any CPU.ActiveCfg = Release|Any CPU
		{11110000-0000-0000-0000-000000000002}.Release|Any CPU.Build.0 = Release|Any CPU
		{11110000-0000-0000-0000-000000000002}.Release|x64.ActiveCfg = Release|Any CPU
		{11110000-0000-0000-0000-000000000002}.Release|x64.Build.0 = Release|Any CPU
		{11110000-0000-0000-0000-000000000002}.Release|x86.ActiveCfg = Release|Any CPU
		{11110000-0000-0000-0000-000000000002}.Release|x86.Build.0 = Release|Any CPU
		{11110000-0000-0000-0000-000000000003}.Debug|Any CPU.ActiveCfg = Debug|Any CPU
		{11110000-0000-0000-0000-000000000003}.Debug|Any CPU.Build.0 = Debug|Any CPU
		{11110000-0000-0000-0000-000000000003}.Debug|x64.ActiveCfg = Debug|Any CPU
		{11110000-0000-0000-0000-000000000003}.Debug|x64.Build.0 = Debug|Any CPU
		{11110000-0000-0000-0000-000000000003}.Debug|x86.ActiveCfg = Debug|Any CPU
		{11110000-0000-0000-0000-000000000003}.Debug|x86.Build.0 = Debug|Any CPU
		{11110000-0000-0000-0000-000000000003}.Release|Any CPU.ActiveCfg = Release|Any CPU
		{11110000-0000-0000-0000-000000000003}.Release|Any CPU.Build.0 = Release|Any CPU
		{11110000-0000-0000-0000-000000000003}.Release|x64.ActiveCfg = Release|Any CPU
		{11110000-0000-0000-0000-000000000003}.Release|x64.Build.0 = Release|Any CPU
		{11110000-0000-0000-0000-000000000003}.Release|x86.ActiveCfg = Release|Any CPU
		{11110000-0000-0000-0000-000000000003}.Release|x86.Build.0 = Release|Any CPU
		{11110000-0000-0000-0000-000000000004}.Debug|Any CPU.ActiveCfg = Debug|Any CPU
		{11110000-0000-0000-0000-000000000004}.Debug|Any CPU.Build.0 = Debug|Any CPU
		{11110000-0000-0000-0000-000000000004}.Debug|x64.ActiveCfg = Debug|Any CPU
		{11110000-0000-0000-0000-000000000004}.Debug|x64.Build.0 = Debug|Any CPU
		{11110000-0000-0000-0000-000000000004}.Debug|x86.ActiveCfg = Debug|Any CPU
		{11110000-0000-0000-0000-000000000004}.Debug|x86.Build.0 = Debug|Any CPU
		{11110000-0000-0000-0000-000000000004}.Release|Any CPU.ActiveCfg = Release|Any CPU
		{11110000-0000-0000-0000-000000000004}.Release|Any CPU.Build.0 = Release|Any CPU
		{11110000-0000-0000-0000-000000000004}.Release|x64.ActiveCfg = Release|Any CPU
		{11110000-0000-0000-0000-000000000004}.Release|x64.Build.0 = Release|Any CPU
		{11110000-0000-0000-0000-000000000004}.Release|x86.ActiveCfg = Release|Any CPU
		{11110000-0000-0000-0000-000000000004}.Release|x86.Build.0 = Release|Any CPU
		{11110000-0000-0000-0000-000000000005}.Debug|Any CPU.ActiveCfg = Debug|Any CPU
		{11110000-0000-0000-0000-000000000005}.Debug|Any CPU.Build.0 = Debug|Any CPU
		{11110000-0000-0000-0000-000000000005}.Debug|x64.ActiveCfg = Debug|Any CPU
		{11110000-0000-0000-0000-000000000005}.Debug|x64.Build.0 = Debug|Any CPU
		{11110000-0000-0000-0000-000000000005}.Debug|x86.ActiveCfg = Debug|Any CPU
		{11110000-0000-0000-0000-000000000005}.Debug|x86.Build.0 = Debug|Any CPU
		{11110000-0000-0000-0000-000000000005}.Release|Any CPU.ActiveCfg = Release|Any CPU
		{11110000-0000-0000-0000-000000000005}.Release|Any CPU.Build.0 = Release|Any CPU
		{11110000-0000-0000-0000-000000000005}.Release|x64.ActiveCfg = Release|Any CPU
		{11110000-0000-0000-0000-000000000005}.Release|x64.Build.0 = Release|Any CPU
		{11110000-0000-0000-0000-000000000005}.Release|x86.ActiveCfg = Release|Any CPU
		{11110000-0000-0000-0000-000000000005}.Release|x86.Build.0 = Release|Any CPU
		{11110000-0000-0000-0000-000000000006}.Debug|Any CPU.ActiveCfg = Debug|Any CPU
		{11110000-0000-0000-0000-000000000006}.Debug|Any CPU.Build.0 = Debug|Any CPU
		{11110000-0000-0000-0000-000000000006}.Debug|x64.ActiveCfg = Debug|Any CPU
		{11110000-0000-0000-0000-000000000006}.Debug|x64.Build.0 = Debug|Any CPU
		{11110000-0000-0000-0000-000000000006}.Debug|x86.ActiveCfg = Debug|Any CPU
		{11110000-0000-0000-0000-000000000006}.Debug|x86.Build.0 = Debug|Any CPU
		{11110000-0000-0000-0000-000000000006}.Release|Any CPU.ActiveCfg = Release|Any CPU
		{11110000-0000-0000-0000-000000000006}.Release|Any CPU.Build.0 = Release|Any CPU
		{11110000-0000-0000-0000-000000000006}.Release|x64.ActiveCfg = Release|Any CPU
		{11110000-0000-0000-0000-000000000006}.Release|x64.Build.0 = Release|Any CPU
		{11110000-0000-0000-0000-000000000006}.Release|x86.ActiveCfg = Release|Any CPU
		{11110000-0000-0000-0000-000000000006}.Release|x86.Build.0 = Release|Any CPU
		{11110000-0000-0000-0000-000000000007}.Debug|Any CPU.ActiveCfg = Debug|Any CPU
		{11110000-0000-0000-0000-000000000007}.Debug|Any CPU.Build.0 = Debug|Any CPU
		{11110000-0000-0000-0000-000000000007}.Debug|x64.ActiveCfg = Debug|Any CPU
		{11110000-0000-0000-0000-000000000007}.Debug|x64.Build.0 = Debug|Any CPU
		{11110000-0000-0000-0000-000000000007}.Debug|x86.ActiveCfg = Debug|Any CPU
		{11110000-0000-0000-0000-000000000007}.Debug|x86.Build.0 = Debug|Any CPU
		{11110000-0000-0000-0000-000000000007}.Release|Any CPU.ActiveCfg = Release|Any CPU
		{11110000-0000-0000-0000-000000000007}.Release|Any CPU.Build.0 = Release|Any CPU
		{11110000-0000-0000-0000-000000000007}.Release|x64.ActiveCfg = Release|Any CPU
		{11110000-0000-0000-0000-000000000007}.Release|x64.Build.0 = Release|Any CPU
		{11110000-0000-0000-0000-000000000007}.Release|x86.ActiveCfg = Release|Any CPU
		{11110000-0000-0000-0000-000000000007}.Release|x86.Build.0 = Release|Any CPU
		{11110000-0000-0000-0000-000000000008}.Debug|Any CPU.ActiveCfg = Debug|Any CPU
		{11110000-0000-0000-0000-000000000008}.Debug|Any CPU.Build.0 = Debug|Any CPU
		{11110000-0000-0000-0000-000000000008}.Debug|x64.ActiveCfg = Debug|Any CPU
		{11110000-0000-0000-0000-000000000008}.Debug|x64.Build.0 = Debug|Any CPU
		{11110000-0000-0000-0000-000000000008}.Debug|x86.ActiveCfg = Debug|Any CPU
		{11110000-0000-0000-0000-000000000008}.Debug|x86.Build.0 = Debug|Any CPU
		{11110000-0000-0000-0000-000000000008}.Release|Any CPU.ActiveCfg = Release|Any CPU
		{11110000-0000-0000-0000-000000000008}.Release|Any CPU.Build.0 = Release|Any CPU
		{11110000-0000-0000-0000-000000000008}.Release|x64.ActiveCfg = Release|Any CPU
		{11110000-0000-0000-0000-000000000008}.Release|x64.Build.0 = Release|Any CPU
		{11110000-0000-0000-0000-000000000008}.Release|x86.ActiveCfg = Release|Any CPU
		{11110000-0000-0000-0000-000000000008}.Release|x86.Build.0 = Release|Any CPU
		{11110000-0000-0000-0000-000000000009}.Debug|Any CPU.ActiveCfg = Debug|Any CPU
		{11110000-0000-0000-0000-000000000009}.Debug|Any CPU.Build.0 = Debug|Any CPU
		{11110000-0000-0000-0000-000000000009}.Debug|x64.ActiveCfg = Debug|Any CPU
		{11110000-0000-0000-0000-000000000009}.Debug|x64.Build.0 = Debug|Any CPU
		{11110000-0000-0000-0000-000000000009}.Debug|x86.ActiveCfg = Debug|Any CPU
		{11110000-0000-0000-0000-000000000009}.Debug|x86.Build.0 = Debug|Any CPU
		{11110000-0000-0000-0000-000000000009}.Release|Any CPU.ActiveCfg = Release|Any CPU
		{11110000-0000-0000-0000-000000000009}.Release|Any CPU.Build.0 = Release|Any CPU
		{11110000-0000-0000-0000-000000000009}.Release|x64.ActiveCfg = Release|Any CPU
		{11110000-0000-0000-0000-000000000009}.Release|x64.Build.0 = Release|Any CPU
		{11110000-0000-0000-0000-000000000009}.Release|x86.ActiveCfg = Release|Any CPU
		{11110000-0000-0000-0000-000000000009}.Release|x86.Build.0 = Release|Any CPU
		{11110000-0000-0000-0000-00000000000A}.Debug|Any CPU.ActiveCfg = Debug|Any CPU
		{11110000-0000-0000-0000-00000000000A}.Debug|Any CPU.Build.0 = Debug|Any CPU
		{11110000-0000-0000-0000-00000000000A}.Debug|x64.ActiveCfg = Debug|Any CPU
		{11110000-0000-0000-0000-00000000000A}.Debug|x64.Build.0 = Debug|Any CPU
		{11110000-0000-0000-0000-00000000000A}.Debug|x86.ActiveCfg = Debug|Any CPU
		{11110000-0000-0000-0000-00000000000A}.Debug|x86.Build.0 = Debug|Any CPU
		{11110000-0000-0000-0000-00000000000A}.Release|Any CPU.ActiveCfg = Release|Any CPU
		{11110000-0000-0000-0000-00000000000A}.Release|Any CPU.Build.0 = Release|Any CPU
		{11110000-0000-0000-0000-00000000000A}.Release|x64.ActiveCfg = Release|Any CPU
		{11110000-0000-0000-0000-00000000000A}.Release|x64.Build.0 = Release|Any CPU
		{11110000-0000-0000-0000-00000000000A}.Release|x86.ActiveCfg = Release|Any CPU
		{11110000-0000-0000-0000-00000000000A}.Release|x86.Build.0 = Release|Any CPU
		{22220000-0000-0000-0000-000000000001}.Debug|Any CPU.ActiveCfg = Debug|Any CPU
		{22220000-0000-0000-0000-000000000001}.Debug|Any CPU.Build.0 = Debug|Any CPU
		{22220000-0000-0000-0000-000000000001}.Debug|x64.ActiveCfg = Debug|Any CPU
		{22220000-0000-0000-0000-000000000001}.Debug|x64.Build.0 = Debug|Any CPU
		{22220000-0000-0000-0000-000000000001}.Debug|x86.ActiveCfg = Debug|Any CPU
		{22220000-0000-0000-0000-000000000001}.Debug|x86.Build.0 = Debug|Any CPU
		{22220000-0000-0000-0000-000000000001}.Release|Any CPU.ActiveCfg = Release|Any CPU
		{22220000-0000-0000-0000-000000000001}.Release|Any CPU.Build.0 = Release|Any CPU
		{22220000-0000-0000-0000-000000000001}.Release|x64.ActiveCfg = Release|Any CPU
		{22220000-0000-0000-0000-000000000001}.Release|x64.Build.0 = Release|Any CPU
		{22220000-0000-0000-0000-000000000001}.Release|x86.ActiveCfg = Release|Any CPU
		{22220000-0000-0000-0000-000000000001}.Release|x86.Build.0 = Release|Any CPU
		{D0915B55-A205-49A6-8AB8-F455BC18F620}.Debug|Any CPU.ActiveCfg = Debug|Any CPU
		{D0915B55-A205-49A6-8AB8-F455BC18F620}.Debug|Any CPU.Build.0 = Debug|Any CPU
		{D0915B55-A205-49A6-8AB8-F455BC18F620}.Debug|x64.ActiveCfg = Debug|Any CPU
		{D0915B55-A205-49A6-8AB8-F455BC18F620}.Debug|x64.Build.0 = Debug|Any CPU
		{D0915B55-A205-49A6-8AB8-F455BC18F620}.Debug|x86.ActiveCfg = Debug|Any CPU
		{D0915B55-A205-49A6-8AB8-F455BC18F620}.Debug|x86.Build.0 = Debug|Any CPU
		{D0915B55-A205-49A6-8AB8-F455BC18F620}.Release|Any CPU.ActiveCfg = Release|Any CPU
		{D0915B55-A205-49A6-8AB8-F455BC18F620}.Release|Any CPU.Build.0 = Release|Any CPU
		{D0915B55-A205-49A6-8AB8-F455BC18F620}.Release|x64.ActiveCfg = Release|Any CPU
		{D0915B55-A205-49A6-8AB8-F455BC18F620}.Release|x64.Build.0 = Release|Any CPU
		{D0915B55-A205-49A6-8AB8-F455BC18F620}.Release|x86.ActiveCfg = Release|Any CPU
		{D0915B55-A205-49A6-8AB8-F455BC18F620}.Release|x86.Build.0 = Release|Any CPU
	EndGlobalSection
	GlobalSection(SolutionProperties) = preSolution
		HideSolutionNode = FALSE
	EndGlobalSection
	GlobalSection(NestedProjects) = preSolution
		{11110000-0000-0000-0000-000000000001} = {AAAA0000-0000-0000-0000-000000000001}
		{11110000-0000-0000-0000-000000000002} = {AAAA0000-0000-0000-0000-000000000001}
		{11110000-0000-0000-0000-000000000003} = {AAAA0000-0000-0000-0000-000000000001}
		{11110000-0000-0000-0000-000000000004} = {AAAA0000-0000-0000-0000-000000000001}
		{11110000-0000-0000-0000-000000000005} = {AAAA0000-0000-0000-0000-000000000001}
		{11110000-0000-0000-0000-000000000006} = {AAAA0000-0000-0000-0000-000000000001}
		{11110000-0000-0000-0000-000000000007} = {AAAA0000-0000-0000-0000-000000000001}
		{11110000-0000-0000-0000-000000000008} = {AAAA0000-0000-0000-0000-000000000001}
		{11110000-0000-0000-0000-000000000009} = {AAAA0000-0000-0000-0000-000000000001}
		{11110000-0000-0000-0000-00000000000A} = {AAAA0000-0000-0000-0000-000000000001}
		{22220000-0000-0000-0000-000000000001} = {AAAA0000-0000-0000-0000-000000000002}
		{D0915B55-A205-49A6-8AB8-F455BC18F620} = {AAAA0000-0000-0000-0000-000000000002}
	EndGlobalSection
EndGlobal
